
Microsoft Visual Studio Solution File, Format Version 12.00
# Visual Studio Version 16
VisualStudioVersion = 16.0.29418.71
MinimumVisualStudioVersion = 10.0.40219.1
Project("{FAE04EC0-301F-11D3-BF4B-00C04F79EFBC}") = "While", "While\While.csproj", "{50B727ED-A7E8-4247-8EF9-AF9E06EF12D3}"
EndProject
Global
	GlobalSection(SolutionConfigurationPlatforms) = preSolution
		Debug|Any CPU = Debug|Any CPU
		Release|Any CPU = Release|Any CPU
	EndGlobalSection
	GlobalSection(ProjectConfigurationPlatforms) = postSolution
		{50B727ED-A7E8-4247-8EF9-AF9E06EF12D3}.Debug|Any CPU.ActiveCfg = Debug|Any CPU
		{50B727ED-A7E8-4247-8EF9-AF9E06EF12D3}.Debug|Any CPU.Build.0 = Debug|Any CPU
		{50B727ED-A7E8-4247-8EF9-AF9E06EF12D3}.Release|Any CPU.ActiveCfg = Release|Any CPU
		{50B727ED-A7E8-4247-8EF9-AF9E06EF12D3}.Release|Any CPU.Build.0 = Release|Any CPU
	EndGlobalSection
	GlobalSection(SolutionProperties) = preSolution
		HideSolutionNode = FALSE
	EndGlobalSection
	GlobalSection(ExtensibilityGlobals) = postSolution
		SolutionGuid = {EFE3C5C6-B8B1-4D72-B490-E9F8E23D2267}
	EndGlobalSection
EndGlobal
